
Microsoft Visual Studio Solution File, Format Version 12.00
# Visual Studio Version 16
VisualStudioVersion = 16.0.30104.148
MinimumVisualStudioVersion = 10.0.40219.1
Project("{9A19103F-16F7-4668-BE54-9A1E7A4F7556}") = "SignalRChat", "SignalRChat\SignalRChat.csproj", "{4B88376B-4E72-4676-88E7-5C9764B1774C}"
EndProject
Project("{FAE04EC0-301F-11D3-BF4B-00C04F79EFBC}") = "GrainInteface", "GrainInteface\GrainInteface.csproj", "{C4E34AD7-E880-4367-91A3-5FFA9A2B88E5}"
EndProject
Project("{FAE04EC0-301F-11D3-BF4B-00C04F79EFBC}") = "Grains", "Grains\Grains.csproj", "{66C3C0CF-7165-48E7-B460-FF361B2481A3}"
EndProject
Global
	GlobalSection(SolutionConfigurationPlatforms) = preSolution
		Debug|Any CPU = Debug|Any CPU
		Release|Any CPU = Release|Any CPU
	EndGlobalSection
	GlobalSection(ProjectConfigurationPlatforms) = postSolution
		{4B88376B-4E72-4676-88E7-5C9764B1774C}.Debug|Any CPU.ActiveCfg = Debug|Any CPU
		{4B88376B-4E72-4676-88E7-5C9764B1774C}.Debug|Any CPU.Build.0 = Debug|Any CPU
		{4B88376B-4E72-4676-88E7-5C9764B1774C}.Release|Any CPU.ActiveCfg = Release|Any CPU
		{4B88376B-4E72-4676-88E7-5C9764B1774C}.Release|Any CPU.Build.0 = Release|Any CPU
		{C4E34AD7-E880-4367-91A3-5FFA9A2B88E5}.Debug|Any CPU.ActiveCfg = Debug|Any CPU
		{C4E34AD7-E880-4367-91A3-5FFA9A2B88E5}.Debug|Any CPU.Build.0 = Debug|Any CPU
		{C4E34AD7-E880-4367-91A3-5FFA9A2B88E5}.Release|Any CPU.ActiveCfg = Release|Any CPU
		{C4E34AD7-E880-4367-91A3-5FFA9A2B88E5}.Release|Any CPU.Build.0 = Release|Any CPU
		{66C3C0CF-7165-48E7-B460-FF361B2481A3}.Debug|Any CPU.ActiveCfg = Debug|Any CPU
		{66C3C0CF-7165-48E7-B460-FF361B2481A3}.Debug|Any CPU.Build.0 = Debug|Any CPU
		{66C3C0CF-7165-48E7-B460-FF361B2481A3}.Release|Any CPU.ActiveCfg = Release|Any CPU
		{66C3C0CF-7165-48E7-B460-FF361B2481A3}.Release|Any CPU.Build.0 = Release|Any CPU
	EndGlobalSection
	GlobalSection(SolutionProperties) = preSolution
		HideSolutionNode = FALSE
	EndGlobalSection
	GlobalSection(ExtensibilityGlobals) = postSolution
		SolutionGuid = {A37B2321-4EE8-4A27-9558-EE325624B090}
	EndGlobalSection
EndGlobal
